
Microsoft Visual Studio Solution File, Format Version 12.00
#
Project("{FAE04EC0-301F-11D3-BF4B-00C04F79EFBC}") = "Day_1", "Day1\Day_1_Csharp\Day_1.csproj", "{0052FE91-AC26-4AC1-939B-31022B9F95F7}"
EndProject
Project("{FAE04EC0-301F-11D3-BF4B-00C04F79EFBC}") = "Day2_Csharp", "Day2\Day2_Csharp\Day2_Csharp.csproj", "{D6B4AE8E-E55E-4D8F-85BA-A2644A8FCCED}"
EndProject
Project("{FAE04EC0-301F-11D3-BF4B-00C04F79EFBC}") = "Day3_Csharp", "Day3\Day3_Csharp\Day3_Csharp.csproj", "{9FA4A17E-AF23-4497-A5D7-6847DD42BE03}"
EndProject
Project("{FAE04EC0-301F-11D3-BF4B-00C04F79EFBC}") = "Day4_Csharp", "Day4\Day4_Csharp\Day4_Csharp.csproj", "{5393FC28-ECCA-4467-BCB4-921A91B49D39}"
EndProject
Project("{FAE04EC0-301F-11D3-BF4B-00C04F79EFBC}") = "SolutionTools", "SolutionTools\SolutionTools.csproj", "{448FE50E-172E-423D-B716-D73C07BF9F56}"
EndProject
Project("{FAE04EC0-301F-11D3-BF4B-00C04F79EFBC}") = "Day5_Csharp", "Day5\Day5_Csharp\Day5_Csharp.csproj", "{D6D41620-F025-4B02-823A-3946F1BDF6B8}"
EndProject
Project("{FAE04EC0-301F-11D3-BF4B-00C04F79EFBC}") = "Day6_CSharp", "Day6\Day6_CSharp\Day6_CSharp.csproj", "{45600A1C-A129-4467-94CE-DF257CE80687}"
EndProject

Project("{2150E333-8FDC-42A3-9474-1A3956D46DE8}") = "Day8", "Day8", "{12071257-66C4-46C4-9ECE-E9B96001E66A}"
EndProject
Project("{FAE04EC0-301F-11D3-BF4B-00C04F79EFBC}") = "Csharp", "Day8\Csharp\Csharp.csproj", "{8D454BF5-E845-44A3-B6F1-AC10262A637C}"
EndProject
Project("{2150E333-8FDC-42A3-9474-1A3956D46DE8}") = "Day9", "Day9", "{22448D5B-142D-43D9-B284-DAB12B4A8064}"
EndProject
Project("{FAE04EC0-301F-11D3-BF4B-00C04F79EFBC}") = "Day10_CSharp", "Day10\Day10_CSharp\Day10_CSharp.csproj", "{7BAEA730-D2C6-49C1-977B-7E0DBD643D76}"
EndProject
Project("{FAE04EC0-301F-11D3-BF4B-00C04F79EFBC}") = "Day11_Chsharp", "Day11\Day11_Chsharp\Day11_Chsharp.csproj", "{27D220BE-5D7E-47E2-B074-1E3BCCAD639B}"
EndProject
Project("{FAE04EC0-301F-11D3-BF4B-00C04F79EFBC}") = "Day12_Csharp", "Day12\Day12_Csharp\Day12_Csharp.csproj", "{18AAB7F3-16FD-4DE0-BDFD-32F1E05E0C8B}"
EndProject
Project("{FAE04EC0-301F-11D3-BF4B-00C04F79EFBC}") = "Day16_Csharp", "Day16\Day16_Csharp\Day16_Csharp.csproj", "{DA696DBD-B1BD-403F-96B4-771178C9A00D}"
EndProject
Project("{FAE04EC0-301F-11D3-BF4B-00C04F79EFBC}") = "Day17_Csharp", "Day17\Day17_Csharp\Day17_Csharp.csproj", "{C90FFE9C-E2C7-4F0E-9011-34FAFDCDF2C9}"
EndProject
Project("{FAE04EC0-301F-11D3-BF4B-00C04F79EFBC}") = "Day18", "Day18\Day18.csproj", "{D36DCCC0-C057-48E7-98BD-B98D4C52981C}"
EndProject
Global
	GlobalSection(SolutionConfigurationPlatforms) = preSolution
		Debug|Any CPU = Debug|Any CPU
		Release|Any CPU = Release|Any CPU
	EndGlobalSection
	GlobalSection(ProjectConfigurationPlatforms) = postSolution
		{0052FE91-AC26-4AC1-939B-31022B9F95F7}.Debug|Any CPU.ActiveCfg = Debug|Any CPU
		{0052FE91-AC26-4AC1-939B-31022B9F95F7}.Debug|Any CPU.Build.0 = Debug|Any CPU
		{0052FE91-AC26-4AC1-939B-31022B9F95F7}.Release|Any CPU.ActiveCfg = Release|Any CPU
		{0052FE91-AC26-4AC1-939B-31022B9F95F7}.Release|Any CPU.Build.0 = Release|Any CPU
		{D6B4AE8E-E55E-4D8F-85BA-A2644A8FCCED}.Debug|Any CPU.ActiveCfg = Debug|Any CPU
		{D6B4AE8E-E55E-4D8F-85BA-A2644A8FCCED}.Debug|Any CPU.Build.0 = Debug|Any CPU
		{D6B4AE8E-E55E-4D8F-85BA-A2644A8FCCED}.Release|Any CPU.ActiveCfg = Release|Any CPU
		{D6B4AE8E-E55E-4D8F-85BA-A2644A8FCCED}.Release|Any CPU.Build.0 = Release|Any CPU
		{9FA4A17E-AF23-4497-A5D7-6847DD42BE03}.Debug|Any CPU.ActiveCfg = Debug|Any CPU
		{9FA4A17E-AF23-4497-A5D7-6847DD42BE03}.Debug|Any CPU.Build.0 = Debug|Any CPU
		{9FA4A17E-AF23-4497-A5D7-6847DD42BE03}.Release|Any CPU.ActiveCfg = Release|Any CPU
		{9FA4A17E-AF23-4497-A5D7-6847DD42BE03}.Release|Any CPU.Build.0 = Release|Any CPU
		{5393FC28-ECCA-4467-BCB4-921A91B49D39}.Debug|Any CPU.ActiveCfg = Debug|Any CPU
		{5393FC28-ECCA-4467-BCB4-921A91B49D39}.Debug|Any CPU.Build.0 = Debug|Any CPU
		{5393FC28-ECCA-4467-BCB4-921A91B49D39}.Release|Any CPU.ActiveCfg = Release|Any CPU
		{5393FC28-ECCA-4467-BCB4-921A91B49D39}.Release|Any CPU.Build.0 = Release|Any CPU
		{448FE50E-172E-423D-B716-D73C07BF9F56}.Debug|Any CPU.ActiveCfg = Debug|Any CPU
		{448FE50E-172E-423D-B716-D73C07BF9F56}.Debug|Any CPU.Build.0 = Debug|Any CPU
		{448FE50E-172E-423D-B716-D73C07BF9F56}.Release|Any CPU.ActiveCfg = Release|Any CPU
		{448FE50E-172E-423D-B716-D73C07BF9F56}.Release|Any CPU.Build.0 = Release|Any CPU
		{D6D41620-F025-4B02-823A-3946F1BDF6B8}.Debug|Any CPU.ActiveCfg = Debug|Any CPU
		{D6D41620-F025-4B02-823A-3946F1BDF6B8}.Debug|Any CPU.Build.0 = Debug|Any CPU
		{D6D41620-F025-4B02-823A-3946F1BDF6B8}.Release|Any CPU.ActiveCfg = Release|Any CPU
		{D6D41620-F025-4B02-823A-3946F1BDF6B8}.Release|Any CPU.Build.0 = Release|Any CPU
		{45600A1C-A129-4467-94CE-DF257CE80687}.Debug|Any CPU.ActiveCfg = Debug|Any CPU
		{45600A1C-A129-4467-94CE-DF257CE80687}.Debug|Any CPU.Build.0 = Debug|Any CPU
		{45600A1C-A129-4467-94CE-DF257CE80687}.Release|Any CPU.ActiveCfg = Release|Any CPU
		{45600A1C-A129-4467-94CE-DF257CE80687}.Release|Any CPU.Build.0 = Release|Any CPU
		{65367323-F6E5-4E59-8047-2A3133E32D5E}.Debug|Any CPU.ActiveCfg = Debug|Any CPU
		{65367323-F6E5-4E59-8047-2A3133E32D5E}.Debug|Any CPU.Build.0 = Debug|Any CPU
		{65367323-F6E5-4E59-8047-2A3133E32D5E}.Release|Any CPU.ActiveCfg = Release|Any CPU
		{65367323-F6E5-4E59-8047-2A3133E32D5E}.Release|Any CPU.Build.0 = Release|Any CPU
		{8D454BF5-E845-44A3-B6F1-AC10262A637C}.Debug|Any CPU.ActiveCfg = Debug|Any CPU
		{8D454BF5-E845-44A3-B6F1-AC10262A637C}.Debug|Any CPU.Build.0 = Debug|Any CPU
		{8D454BF5-E845-44A3-B6F1-AC10262A637C}.Release|Any CPU.ActiveCfg = Release|Any CPU
		{8D454BF5-E845-44A3-B6F1-AC10262A637C}.Release|Any CPU.Build.0 = Release|Any CPU
		{7BAEA730-D2C6-49C1-977B-7E0DBD643D76}.Debug|Any CPU.ActiveCfg = Debug|Any CPU
		{7BAEA730-D2C6-49C1-977B-7E0DBD643D76}.Debug|Any CPU.Build.0 = Debug|Any CPU
		{7BAEA730-D2C6-49C1-977B-7E0DBD643D76}.Release|Any CPU.ActiveCfg = Release|Any CPU
		{7BAEA730-D2C6-49C1-977B-7E0DBD643D76}.Release|Any CPU.Build.0 = Release|Any CPU
		{27D220BE-5D7E-47E2-B074-1E3BCCAD639B}.Debug|Any CPU.ActiveCfg = Debug|Any CPU
		{27D220BE-5D7E-47E2-B074-1E3BCCAD639B}.Debug|Any CPU.Build.0 = Debug|Any CPU
		{27D220BE-5D7E-47E2-B074-1E3BCCAD639B}.Release|Any CPU.ActiveCfg = Release|Any CPU
		{27D220BE-5D7E-47E2-B074-1E3BCCAD639B}.Release|Any CPU.Build.0 = Release|Any CPU
		{18AAB7F3-16FD-4DE0-BDFD-32F1E05E0C8B}.Debug|Any CPU.ActiveCfg = Debug|Any CPU
		{18AAB7F3-16FD-4DE0-BDFD-32F1E05E0C8B}.Debug|Any CPU.Build.0 = Debug|Any CPU
		{18AAB7F3-16FD-4DE0-BDFD-32F1E05E0C8B}.Release|Any CPU.ActiveCfg = Release|Any CPU
		{18AAB7F3-16FD-4DE0-BDFD-32F1E05E0C8B}.Release|Any CPU.Build.0 = Release|Any CPU
		{DA696DBD-B1BD-403F-96B4-771178C9A00D}.Debug|Any CPU.ActiveCfg = Debug|Any CPU
		{DA696DBD-B1BD-403F-96B4-771178C9A00D}.Debug|Any CPU.Build.0 = Debug|Any CPU
		{DA696DBD-B1BD-403F-96B4-771178C9A00D}.Release|Any CPU.ActiveCfg = Release|Any CPU
		{DA696DBD-B1BD-403F-96B4-771178C9A00D}.Release|Any CPU.Build.0 = Release|Any CPU
		{C90FFE9C-E2C7-4F0E-9011-34FAFDCDF2C9}.Debug|Any CPU.ActiveCfg = Debug|Any CPU
		{C90FFE9C-E2C7-4F0E-9011-34FAFDCDF2C9}.Debug|Any CPU.Build.0 = Debug|Any CPU
		{C90FFE9C-E2C7-4F0E-9011-34FAFDCDF2C9}.Release|Any CPU.ActiveCfg = Release|Any CPU
		{C90FFE9C-E2C7-4F0E-9011-34FAFDCDF2C9}.Release|Any CPU.Build.0 = Release|Any CPU
		{D36DCCC0-C057-48E7-98BD-B98D4C52981C}.Debug|Any CPU.ActiveCfg = Debug|Any CPU
		{D36DCCC0-C057-48E7-98BD-B98D4C52981C}.Debug|Any CPU.Build.0 = Debug|Any CPU
		{D36DCCC0-C057-48E7-98BD-B98D4C52981C}.Release|Any CPU.ActiveCfg = Release|Any CPU
		{D36DCCC0-C057-48E7-98BD-B98D4C52981C}.Release|Any CPU.Build.0 = Release|Any CPU
	EndGlobalSection
	GlobalSection(NestedProjects) = preSolution
		{8D454BF5-E845-44A3-B6F1-AC10262A637C} = {12071257-66C4-46C4-9ECE-E9B96001E66A}
	EndGlobalSection
EndGlobal
